{
  "requires": true,
  "lockfileVersion": 1,
  "dependencies": {
    "@syncfusion/ej2-base": {
      "version": "19.3.54",
      "resolved": "https://registry.npmjs.org/@syncfusion/ej2-base/-/ej2-base-19.3.54.tgz",
      "integrity": "sha512-y/prIFOB6BzpzFc6WfUFKMV73dMrxhtI3VZALHnZu59B3kjcqiDWfwMkiGnanMM2H7MJDTVI01TsrY6k7JgRlA==",
      "requires": {
        "@syncfusion/ej2-icons": "~19.3.53"
      }
    },
    "@syncfusion/ej2-buttons": {
      "version": "19.3.53",
      "resolved": "https://registry.npmjs.org/@syncfusion/ej2-buttons/-/ej2-buttons-19.3.53.tgz",
      "integrity": "sha512-abWqinbJL7nftz6alzvvyQRH/LOM6rDUwQ9ZY9CnPga6OkKfe57XGwt1rn6F/LsjgtLVxmykIPSdKlJBe8Q/vQ==",
      "requires": {
        "@syncfusion/ej2-base": "~19.3.53"
      }
    },
    "@syncfusion/ej2-data": {
      "version": "19.3.53",
      "resolved": "https://registry.npmjs.org/@syncfusion/ej2-data/-/ej2-data-19.3.53.tgz",
      "integrity": "sha512-03C1XFOvLlzF/IpT2BGnbcyCQWiVGPf8jT/6XW5pTG3r6O0xQ8x6t0hHy9UblByzUMh4JeKURV8zfsFN8yjs0A==",
      "requires": {
        "@syncfusion/ej2-base": "~19.3.53"
      }
    },
    "@syncfusion/ej2-dropdowns": {
      "version": "19.3.55",
      "resolved": "https://registry.npmjs.org/@syncfusion/ej2-dropdowns/-/ej2-dropdowns-19.3.55.tgz",
      "integrity": "sha512-Ed2U2Ti0kmn/AcmbPVT4VarXY8+wjV9Ebbg28H5DLNsUwiGaBKoR7SFkgMvbClJQ3dbOAcFm87QFaJQ+vYKl8g==",
      "requires": {
        "@syncfusion/ej2-base": "~19.3.54",
        "@syncfusion/ej2-data": "~19.3.53",
        "@syncfusion/ej2-inputs": "~19.3.53",
        "@syncfusion/ej2-lists": "~19.3.53",
        "@syncfusion/ej2-navigations": "~19.3.54",
        "@syncfusion/ej2-popups": "~19.3.53"
      }
    },
    "@syncfusion/ej2-icons": {
      "version": "19.3.53",
      "resolved": "https://registry.npmjs.org/@syncfusion/ej2-icons/-/ej2-icons-19.3.53.tgz",
      "integrity": "sha512-W4+JkzTurFcpCfrgdD/0uDX4LQ/OSez/Kx5qm0ZGaWHBCWdUy9+qvBeZGpl8Yv+iuvOvuVpdqilpZ/RoCSnWvQ=="
    },
    "@syncfusion/ej2-inputs": {
      "version": "19.3.53",
      "resolved": "https://registry.npmjs.org/@syncfusion/ej2-inputs/-/ej2-inputs-19.3.53.tgz",
      "integrity": "sha512-6PhMb9k8qN3cv4mNM8dZSUYz3tGyLtv4CJ35ycgzxt9dGdjowf50Vy/UYS6aswK6IcJ0RpNqUd93vPboyrdYMA==",
      "requires": {
        "@syncfusion/ej2-base": "~19.3.53",
        "@syncfusion/ej2-buttons": "~19.3.53",
        "@syncfusion/ej2-popups": "~19.3.53",
        "@syncfusion/ej2-splitbuttons": "~19.3.53"
      }
    },
    "@syncfusion/ej2-kanban": {
      "version": "19.3.55",
      "resolved": "https://registry.npmjs.org/@syncfusion/ej2-kanban/-/ej2-kanban-19.3.55.tgz",
      "integrity": "sha512-j3019A2vKb5CIRhyP6/AClbflMIBnVJ6ips6leCE7sHzigzu/KkY9eShXrTNxy2uDqNZlKsSseSZr8t7PIhUug==",
      "requires": {
        "@syncfusion/ej2-base": "~19.3.54",
        "@syncfusion/ej2-buttons": "~19.3.53",
        "@syncfusion/ej2-data": "~19.3.53",
        "@syncfusion/ej2-dropdowns": "~19.3.55",
        "@syncfusion/ej2-inputs": "~19.3.53",
        "@syncfusion/ej2-layouts": "~19.3.53",
        "@syncfusion/ej2-navigations": "~19.3.54",
        "@syncfusion/ej2-popups": "~19.3.53"
      }
    },
    "@syncfusion/ej2-layouts": {
      "version": "19.3.53",
      "resolved": "https://registry.npmjs.org/@syncfusion/ej2-layouts/-/ej2-layouts-19.3.53.tgz",
      "integrity": "sha512-NUX4pcryccdgWxirQo1h1fxU6xNBdllIf3Q45LAMpgLWa3zmkMA8hTXdodamz3zi43/+23D3sD6wQwmFYn5U6g==",
      "requires": {
        "@syncfusion/ej2-base": "~19.3.53"
      }
    },
    "@syncfusion/ej2-lists": {
      "version": "19.3.53",
      "resolved": "https://registry.npmjs.org/@syncfusion/ej2-lists/-/ej2-lists-19.3.53.tgz",
      "integrity": "sha512-iq/M/nMhKxWUBkNHddkubA+v+19vn1bGb2xEAawPn5zFbfeqGsm+eMa5+5UF73Q6VSxs6M1UJcq3TmIpMFRtVw==",
      "requires": {
        "@syncfusion/ej2-base": "~19.3.53",
        "@syncfusion/ej2-buttons": "~19.3.53",
        "@syncfusion/ej2-data": "~19.3.53"
      }
    },
    "@syncfusion/ej2-navigations": {
      "version": "19.3.54",
      "resolved": "https://registry.npmjs.org/@syncfusion/ej2-navigations/-/ej2-navigations-19.3.54.tgz",
      "integrity": "sha512-mUB/vs8yVtDzWfcgbiAnGR/E3NqlDJN40ITpy6qSjYc4tD5U1fEtmPmUx3peCV6W5RtcS96jK73QlRiOckhnSQ==",
      "requires": {
        "@syncfusion/ej2-base": "~19.3.54",
        "@syncfusion/ej2-buttons": "~19.3.53",
        "@syncfusion/ej2-data": "~19.3.53",
        "@syncfusion/ej2-inputs": "~19.3.53",
        "@syncfusion/ej2-lists": "~19.3.53",
        "@syncfusion/ej2-popups": "~19.3.53"
      }
    },
    "@syncfusion/ej2-popups": {
      "version": "19.3.53",
      "resolved": "https://registry.npmjs.org/@syncfusion/ej2-popups/-/ej2-popups-19.3.53.tgz",
      "integrity": "sha512-gNy770FdSnmAr2PXbBvAfuz6gFNEq5DWWu+pa3ZW+6GH+VQKorXwCyLQoESrUIpWnwibMIg8fkOTGe/Avzl7Sg==",
      "requires": {
        "@syncfusion/ej2-base": "~19.3.53",
        "@syncfusion/ej2-buttons": "~19.3.53"
      }
    },
    "@syncfusion/ej2-react-base": {
      "version": "19.3.53",
      "resolved": "https://registry.npmjs.org/@syncfusion/ej2-react-base/-/ej2-react-base-19.3.53.tgz",
      "integrity": "sha512-q6Sgnr9NG+6UQEJZUuFNfYLCbSsTde0Ohe0BUuMWJs8DxUHdY3h13wrx0E4Cx3lo5PotAr8UaRXcSxkL9k6ffg==",
      "requires": {
        "@syncfusion/ej2-base": "~19.3.53"
      }
    },
    "@syncfusion/ej2-react-kanban": {
      "version": "19.3.55",
      "resolved": "https://registry.npmjs.org/@syncfusion/ej2-react-kanban/-/ej2-react-kanban-19.3.55.tgz",
      "integrity": "sha512-jRAgMLL4lxJoE4Ssb3hdZat++s04AvN+c00nUbc9+Zl00XsW2UgntBove4NB0/kDA6D7CWTG9A9CQevHIw7UFA==",
      "requires": {
        "@syncfusion/ej2-base": "~19.3.54",
        "@syncfusion/ej2-kanban": "19.3.55",
        "@syncfusion/ej2-react-base": "~19.3.53"
      }
    },
    "@syncfusion/ej2-splitbuttons": {
      "version": "19.3.53",
      "resolved": "https://registry.npmjs.org/@syncfusion/ej2-splitbuttons/-/ej2-splitbuttons-19.3.53.tgz",
      "integrity": "sha512-HOFBRW6M1PN83fAEZz8r/YahDntvssKfdk2nWRI6iqgwhjicmWLw1ihMSOyAvMZGrQf56hmBVAWUL/XKuK+lkA==",
      "requires": {
        "@syncfusion/ej2-base": "~19.3.53",
        "@syncfusion/ej2-popups": "~19.3.53"
      }
    }
  }
}
